// !$*UTF8*$!
{
	archiveVersion = 1;
	classes = {
	};
	objectVersion = 56;
	objects = {

/* Begin PBXBuildFile section */
		99C5FD0B2ACC27B000F33BFC /* TabBarController.swift in Sources */ = {isa = PBXBuildFile; fileRef = 99C5FD0A2ACC27B000F33BFC /* TabBarController.swift */; };
		99C5FD0D2ACC282E00F33BFC /* StatisticsViewController.swift in Sources */ = {isa = PBXBuildFile; fileRef = 99C5FD0C2ACC282E00F33BFC /* StatisticsViewController.swift */; };
		99C5FD112ACC5F5500F33BFC /* CreateViewController.swift in Sources */ = {isa = PBXBuildFile; fileRef = 99C5FD102ACC5F5500F33BFC /* CreateViewController.swift */; };
		99C5FD142ACEB00800F33BFC /* HabitsViewController.swift in Sources */ = {isa = PBXBuildFile; fileRef = 99C5FD132ACEB00800F33BFC /* HabitsViewController.swift */; };
		99C5FD162ACEB03300F33BFC /* EventsViewController.swift in Sources */ = {isa = PBXBuildFile; fileRef = 99C5FD152ACEB03300F33BFC /* EventsViewController.swift */; };
		99C5FD202ACEEC9100F33BFC /* TimetableViewController.swift in Sources */ = {isa = PBXBuildFile; fileRef = 99C5FD1F2ACEEC9100F33BFC /* TimetableViewController.swift */; };
		99C5FD252ACFFDF900F33BFC /* Extension.swift in Sources */ = {isa = PBXBuildFile; fileRef = 99C5FD242ACFFDF900F33BFC /* Extension.swift */; };
		99C5FD272AD007DE00F33BFC /* EmojiCollectionViewPresenter.swift in Sources */ = {isa = PBXBuildFile; fileRef = 99C5FD262AD007DE00F33BFC /* EmojiCollectionViewPresenter.swift */; };
		99C5FD292AD009CC00F33BFC /* CustomCollectionCell.swift in Sources */ = {isa = PBXBuildFile; fileRef = 99C5FD282AD009CC00F33BFC /* CustomCollectionCell.swift */; };
		99C5FD2C2AD2A62200F33BFC /* TrackersCollectionCells.swift in Sources */ = {isa = PBXBuildFile; fileRef = 99C5FD2B2AD2A62200F33BFC /* TrackersCollectionCells.swift */; };
		99C5FD2E2AD55FBB00F33BFC /* test.swift in Sources */ = {isa = PBXBuildFile; fileRef = 99C5FD2D2AD55FBB00F33BFC /* test.swift */; };
		99C5FD322AD7FEA500F33BFC /* TrackersPresenter.swift in Sources */ = {isa = PBXBuildFile; fileRef = 99C5FD312AD7FEA500F33BFC /* TrackersPresenter.swift */; };
		99C5FD352AD7FFCD00F33BFC /* Tracker.swift in Sources */ = {isa = PBXBuildFile; fileRef = 99C5FD342AD7FFCD00F33BFC /* Tracker.swift */; };
		99C5FD372AD7FFE200F33BFC /* TrackerCategory.swift in Sources */ = {isa = PBXBuildFile; fileRef = 99C5FD362AD7FFE200F33BFC /* TrackerCategory.swift */; };
		99C5FD392AD7FFFD00F33BFC /* TrackerRecord.swift in Sources */ = {isa = PBXBuildFile; fileRef = 99C5FD382AD7FFFD00F33BFC /* TrackerRecord.swift */; };
		99C5FD3B2AD80D7500F33BFC /* Constants.swift in Sources */ = {isa = PBXBuildFile; fileRef = 99C5FD3A2AD80D7500F33BFC /* Constants.swift */; };
		99C5FD3E2AD8352400F33BFC /* TrackersService.swift in Sources */ = {isa = PBXBuildFile; fileRef = 99C5FD3D2AD8352400F33BFC /* TrackersService.swift */; };
		99C5FD402ADF18EA00F33BFC /* TrackerCellModel.swift in Sources */ = {isa = PBXBuildFile; fileRef = 99C5FD3F2ADF18EA00F33BFC /* TrackerCellModel.swift */; };
		99C5FD432AE1659500F33BFC /* TrackersViewControllerProtocol.swift in Sources */ = {isa = PBXBuildFile; fileRef = 99C5FD422AE1659500F33BFC /* TrackersViewControllerProtocol.swift */; };
		99DADA552ACC0B53004467A3 /* AppDelegate.swift in Sources */ = {isa = PBXBuildFile; fileRef = 99DADA542ACC0B53004467A3 /* AppDelegate.swift */; };
		99DADA572ACC0B53004467A3 /* SceneDelegate.swift in Sources */ = {isa = PBXBuildFile; fileRef = 99DADA562ACC0B53004467A3 /* SceneDelegate.swift */; };
		99DADA592ACC0B53004467A3 /* TrackersViewController.swift in Sources */ = {isa = PBXBuildFile; fileRef = 99DADA582ACC0B53004467A3 /* TrackersViewController.swift */; };
		99DADA5C2ACC0B53004467A3 /* Main.storyboard in Resources */ = {isa = PBXBuildFile; fileRef = 99DADA5A2ACC0B53004467A3 /* Main.storyboard */; };
		99DADA5F2ACC0B53004467A3 /* Tracker.xcdatamodeld in Sources */ = {isa = PBXBuildFile; fileRef = 99DADA5D2ACC0B53004467A3 /* Tracker.xcdatamodeld */; };
		99DADA612ACC0B54004467A3 /* Assets.xcassets in Resources */ = {isa = PBXBuildFile; fileRef = 99DADA602ACC0B54004467A3 /* Assets.xcassets */; };
		99DADA642ACC0B54004467A3 /* LaunchScreen.storyboard in Resources */ = {isa = PBXBuildFile; fileRef = 99DADA622ACC0B54004467A3 /* LaunchScreen.storyboard */; };
		99DADA6F2ACC0B54004467A3 /* TrackerTests.swift in Sources */ = {isa = PBXBuildFile; fileRef = 99DADA6E2ACC0B54004467A3 /* TrackerTests.swift */; };
		99DADA792ACC0B54004467A3 /* TrackerUITests.swift in Sources */ = {isa = PBXBuildFile; fileRef = 99DADA782ACC0B54004467A3 /* TrackerUITests.swift */; };
		99DADA7B2ACC0B54004467A3 /* TrackerUITestsLaunchTests.swift in Sources */ = {isa = PBXBuildFile; fileRef = 99DADA7A2ACC0B54004467A3 /* TrackerUITestsLaunchTests.swift */; };
		99DADA882ACC0FE2004467A3 /* UiColors.swift in Sources */ = {isa = PBXBuildFile; fileRef = 99DADA872ACC0FE2004467A3 /* UiColors.swift */; };
/* End PBXBuildFile section */

/* Begin PBXContainerItemProxy section */
		99DADA6B2ACC0B54004467A3 /* PBXContainerItemProxy */ = {
			isa = PBXContainerItemProxy;
			containerPortal = 99DADA492ACC0B53004467A3 /* Project object */;
			proxyType = 1;
			remoteGlobalIDString = 99DADA502ACC0B53004467A3;
			remoteInfo = Tracker;
		};
		99DADA752ACC0B54004467A3 /* PBXContainerItemProxy */ = {
			isa = PBXContainerItemProxy;
			containerPortal = 99DADA492ACC0B53004467A3 /* Project object */;
			proxyType = 1;
			remoteGlobalIDString = 99DADA502ACC0B53004467A3;
			remoteInfo = Tracker;
		};
/* End PBXContainerItemProxy section */

/* Begin PBXFileReference section */
		99C5FD0A2ACC27B000F33BFC /* TabBarController.swift */ = {isa = PBXFileReference; lastKnownFileType = sourcecode.swift; path = TabBarController.swift; sourceTree = "<group>"; };
		99C5FD0C2ACC282E00F33BFC /* StatisticsViewController.swift */ = {isa = PBXFileReference; lastKnownFileType = sourcecode.swift; path = StatisticsViewController.swift; sourceTree = "<group>"; };
		99C5FD102ACC5F5500F33BFC /* CreateViewController.swift */ = {isa = PBXFileReference; lastKnownFileType = sourcecode.swift; path = CreateViewController.swift; sourceTree = "<group>"; };
		99C5FD132ACEB00800F33BFC /* HabitsViewController.swift */ = {isa = PBXFileReference; lastKnownFileType = sourcecode.swift; path = HabitsViewController.swift; sourceTree = "<group>"; };
		99C5FD152ACEB03300F33BFC /* EventsViewController.swift */ = {isa = PBXFileReference; lastKnownFileType = sourcecode.swift; path = EventsViewController.swift; sourceTree = "<group>"; };
		99C5FD1F2ACEEC9100F33BFC /* TimetableViewController.swift */ = {isa = PBXFileReference; lastKnownFileType = sourcecode.swift; path = TimetableViewController.swift; sourceTree = "<group>"; };
		99C5FD242ACFFDF900F33BFC /* Extension.swift */ = {isa = PBXFileReference; lastKnownFileType = sourcecode.swift; path = Extension.swift; sourceTree = "<group>"; };
		99C5FD262AD007DE00F33BFC /* EmojiCollectionViewPresenter.swift */ = {isa = PBXFileReference; lastKnownFileType = sourcecode.swift; path = EmojiCollectionViewPresenter.swift; sourceTree = "<group>"; };
		99C5FD282AD009CC00F33BFC /* CustomCollectionCell.swift */ = {isa = PBXFileReference; lastKnownFileType = sourcecode.swift; path = CustomCollectionCell.swift; sourceTree = "<group>"; };
		99C5FD2B2AD2A62200F33BFC /* TrackersCollectionCells.swift */ = {isa = PBXFileReference; lastKnownFileType = sourcecode.swift; path = TrackersCollectionCells.swift; sourceTree = "<group>"; };
		99C5FD2D2AD55FBB00F33BFC /* test.swift */ = {isa = PBXFileReference; fileEncoding = 4; lastKnownFileType = sourcecode.swift; path = test.swift; sourceTree = "<group>"; };
		99C5FD312AD7FEA500F33BFC /* TrackersPresenter.swift */ = {isa = PBXFileReference; lastKnownFileType = sourcecode.swift; path = TrackersPresenter.swift; sourceTree = "<group>"; };
		99C5FD342AD7FFCD00F33BFC /* Tracker.swift */ = {isa = PBXFileReference; lastKnownFileType = sourcecode.swift; path = Tracker.swift; sourceTree = "<group>"; };
		99C5FD362AD7FFE200F33BFC /* TrackerCategory.swift */ = {isa = PBXFileReference; lastKnownFileType = sourcecode.swift; path = TrackerCategory.swift; sourceTree = "<group>"; };
		99C5FD382AD7FFFD00F33BFC /* TrackerRecord.swift */ = {isa = PBXFileReference; lastKnownFileType = sourcecode.swift; path = TrackerRecord.swift; sourceTree = "<group>"; };
		99C5FD3A2AD80D7500F33BFC /* Constants.swift */ = {isa = PBXFileReference; lastKnownFileType = sourcecode.swift; path = Constants.swift; sourceTree = "<group>"; };
		99C5FD3D2AD8352400F33BFC /* TrackersService.swift */ = {isa = PBXFileReference; lastKnownFileType = sourcecode.swift; path = TrackersService.swift; sourceTree = "<group>"; };
		99C5FD3F2ADF18EA00F33BFC /* TrackerCellModel.swift */ = {isa = PBXFileReference; lastKnownFileType = sourcecode.swift; path = TrackerCellModel.swift; sourceTree = "<group>"; };
		99C5FD422AE1659500F33BFC /* TrackersViewControllerProtocol.swift */ = {isa = PBXFileReference; lastKnownFileType = sourcecode.swift; path = TrackersViewControllerProtocol.swift; sourceTree = "<group>"; };
		99DADA512ACC0B53004467A3 /* Tracker.app */ = {isa = PBXFileReference; explicitFileType = wrapper.application; includeInIndex = 0; path = Tracker.app; sourceTree = BUILT_PRODUCTS_DIR; };
		99DADA542ACC0B53004467A3 /* AppDelegate.swift */ = {isa = PBXFileReference; lastKnownFileType = sourcecode.swift; path = AppDelegate.swift; sourceTree = "<group>"; };
		99DADA562ACC0B53004467A3 /* SceneDelegate.swift */ = {isa = PBXFileReference; lastKnownFileType = sourcecode.swift; path = SceneDelegate.swift; sourceTree = "<group>"; };
		99DADA582ACC0B53004467A3 /* TrackersViewController.swift */ = {isa = PBXFileReference; lastKnownFileType = sourcecode.swift; path = TrackersViewController.swift; sourceTree = "<group>"; };
		99DADA5B2ACC0B53004467A3 /* Base */ = {isa = PBXFileReference; lastKnownFileType = file.storyboard; name = Base; path = Base.lproj/Main.storyboard; sourceTree = "<group>"; };
		99DADA5E2ACC0B53004467A3 /* Tracker.xcdatamodel */ = {isa = PBXFileReference; lastKnownFileType = wrapper.xcdatamodel; path = Tracker.xcdatamodel; sourceTree = "<group>"; };
		99DADA602ACC0B54004467A3 /* Assets.xcassets */ = {isa = PBXFileReference; lastKnownFileType = folder.assetcatalog; path = Assets.xcassets; sourceTree = "<group>"; };
		99DADA632ACC0B54004467A3 /* Base */ = {isa = PBXFileReference; lastKnownFileType = file.storyboard; name = Base; path = Base.lproj/LaunchScreen.storyboard; sourceTree = "<group>"; };
		99DADA652ACC0B54004467A3 /* Info.plist */ = {isa = PBXFileReference; lastKnownFileType = text.plist.xml; path = Info.plist; sourceTree = "<group>"; };
		99DADA6A2ACC0B54004467A3 /* TrackerTests.xctest */ = {isa = PBXFileReference; explicitFileType = wrapper.cfbundle; includeInIndex = 0; path = TrackerTests.xctest; sourceTree = BUILT_PRODUCTS_DIR; };
		99DADA6E2ACC0B54004467A3 /* TrackerTests.swift */ = {isa = PBXFileReference; lastKnownFileType = sourcecode.swift; path = TrackerTests.swift; sourceTree = "<group>"; };
		99DADA742ACC0B54004467A3 /* TrackerUITests.xctest */ = {isa = PBXFileReference; explicitFileType = wrapper.cfbundle; includeInIndex = 0; path = TrackerUITests.xctest; sourceTree = BUILT_PRODUCTS_DIR; };
		99DADA782ACC0B54004467A3 /* TrackerUITests.swift */ = {isa = PBXFileReference; lastKnownFileType = sourcecode.swift; path = TrackerUITests.swift; sourceTree = "<group>"; };
		99DADA7A2ACC0B54004467A3 /* TrackerUITestsLaunchTests.swift */ = {isa = PBXFileReference; lastKnownFileType = sourcecode.swift; path = TrackerUITestsLaunchTests.swift; sourceTree = "<group>"; };
		99DADA872ACC0FE2004467A3 /* UiColors.swift */ = {isa = PBXFileReference; lastKnownFileType = sourcecode.swift; path = UiColors.swift; sourceTree = "<group>"; };
/* End PBXFileReference section */

/* Begin PBXFrameworksBuildPhase section */
		99DADA4E2ACC0B53004467A3 /* Frameworks */ = {
			isa = PBXFrameworksBuildPhase;
			buildActionMask = 2147483647;
			files = (
			);
			runOnlyForDeploymentPostprocessing = 0;
		};
		99DADA672ACC0B54004467A3 /* Frameworks */ = {
			isa = PBXFrameworksBuildPhase;
			buildActionMask = 2147483647;
			files = (
			);
			runOnlyForDeploymentPostprocessing = 0;
		};
		99DADA712ACC0B54004467A3 /* Frameworks */ = {
			isa = PBXFrameworksBuildPhase;
			buildActionMask = 2147483647;
			files = (
			);
			runOnlyForDeploymentPostprocessing = 0;
		};
/* End PBXFrameworksBuildPhase section */

/* Begin PBXGroup section */
		99C5FD122ACEAFDE00F33BFC /* Create Trakers */ = {
			isa = PBXGroup;
			children = (
				99C5FD102ACC5F5500F33BFC /* CreateViewController.swift */,
				99C5FD152ACEB03300F33BFC /* EventsViewController.swift */,
				99C5FD132ACEB00800F33BFC /* HabitsViewController.swift */,
			);
			path = "Create Trakers";
			sourceTree = "<group>";
		};
		99C5FD212ACEEFFE00F33BFC /* TimeTable */ = {
			isa = PBXGroup;
			children = (
				99C5FD1F2ACEEC9100F33BFC /* TimetableViewController.swift */,
			);
			path = TimeTable;
			sourceTree = "<group>";
		};
		99C5FD2A2AD2A5D500F33BFC /* Cell Models */ = {
			isa = PBXGroup;
			children = (
				99C5FD3F2ADF18EA00F33BFC /* TrackerCellModel.swift */,
				99C5FD282AD009CC00F33BFC /* CustomCollectionCell.swift */,
				99C5FD2B2AD2A62200F33BFC /* TrackersCollectionCells.swift */,
			);
			path = "Cell Models";
			sourceTree = "<group>";
		};
		99C5FD2F2AD7FC9400F33BFC /* ViewControllers */ = {
			isa = PBXGroup;
			children = (
				99C5FD212ACEEFFE00F33BFC /* TimeTable */,
				99C5FD122ACEAFDE00F33BFC /* Create Trakers */,
				99C5FD0C2ACC282E00F33BFC /* StatisticsViewController.swift */,
				99DADA582ACC0B53004467A3 /* TrackersViewController.swift */,
			);
			path = ViewControllers;
			sourceTree = "<group>";
		};
		99C5FD302AD7FE7900F33BFC /* Presenters */ = {
			isa = PBXGroup;
			children = (
				99C5FD262AD007DE00F33BFC /* EmojiCollectionViewPresenter.swift */,
				99C5FD312AD7FEA500F33BFC /* TrackersPresenter.swift */,
			);
			path = Presenters;
			sourceTree = "<group>";
		};
		99C5FD332AD7FEF800F33BFC /* Models */ = {
			isa = PBXGroup;
			children = (
				99C5FD2A2AD2A5D500F33BFC /* Cell Models */,
				99C5FD342AD7FFCD00F33BFC /* Tracker.swift */,
				99C5FD362AD7FFE200F33BFC /* TrackerCategory.swift */,
				99C5FD382AD7FFFD00F33BFC /* TrackerRecord.swift */,
			);
			path = Models;
			sourceTree = "<group>";
		};
		99C5FD3C2AD8350700F33BFC /* Service */ = {
			isa = PBXGroup;
			children = (
				99C5FD3D2AD8352400F33BFC /* TrackersService.swift */,
			);
			path = Service;
			sourceTree = "<group>";
		};
		99C5FD412AE1657A00F33BFC /* Procotols */ = {
			isa = PBXGroup;
			children = (
				99C5FD422AE1659500F33BFC /* TrackersViewControllerProtocol.swift */,
			);
			path = Procotols;
			sourceTree = "<group>";
		};
		99DADA482ACC0B53004467A3 = {
			isa = PBXGroup;
			children = (
				99DADA532ACC0B53004467A3 /* Tracker */,
				99DADA6D2ACC0B54004467A3 /* TrackerTests */,
				99DADA772ACC0B54004467A3 /* TrackerUITests */,
				99DADA522ACC0B53004467A3 /* Products */,
			);
			sourceTree = "<group>";
		};
		99DADA522ACC0B53004467A3 /* Products */ = {
			isa = PBXGroup;
			children = (
				99DADA512ACC0B53004467A3 /* Tracker.app */,
				99DADA6A2ACC0B54004467A3 /* TrackerTests.xctest */,
				99DADA742ACC0B54004467A3 /* TrackerUITests.xctest */,
			);
			name = Products;
			sourceTree = "<group>";
		};
		99DADA532ACC0B53004467A3 /* Tracker */ = {
			isa = PBXGroup;
			children = (
				99C5FD2D2AD55FBB00F33BFC /* test.swift */,
				99DADA542ACC0B53004467A3 /* AppDelegate.swift */,
				99C5FD0A2ACC27B000F33BFC /* TabBarController.swift */,
				99DADA562ACC0B53004467A3 /* SceneDelegate.swift */,
				99C5FD412AE1657A00F33BFC /* Procotols */,
				99C5FD3C2AD8350700F33BFC /* Service */,
				99C5FD2F2AD7FC9400F33BFC /* ViewControllers */,
				99C5FD332AD7FEF800F33BFC /* Models */,
				99C5FD302AD7FE7900F33BFC /* Presenters */,
				99DADA892ACC0FE7004467A3 /* Helpers */,
				99DADA5A2ACC0B53004467A3 /* Main.storyboard */,
				99DADA602ACC0B54004467A3 /* Assets.xcassets */,
				99DADA622ACC0B54004467A3 /* LaunchScreen.storyboard */,
				99DADA652ACC0B54004467A3 /* Info.plist */,
				99DADA5D2ACC0B53004467A3 /* Tracker.xcdatamodeld */,
			);
			path = Tracker;
			sourceTree = "<group>";
		};
		99DADA6D2ACC0B54004467A3 /* TrackerTests */ = {
			isa = PBXGroup;
			children = (
				99DADA6E2ACC0B54004467A3 /* TrackerTests.swift */,
			);
			path = TrackerTests;
			sourceTree = "<group>";
		};
		99DADA772ACC0B54004467A3 /* TrackerUITests */ = {
			isa = PBXGroup;
			children = (
				99DADA782ACC0B54004467A3 /* TrackerUITests.swift */,
				99DADA7A2ACC0B54004467A3 /* TrackerUITestsLaunchTests.swift */,
			);
			path = TrackerUITests;
			sourceTree = "<group>";
		};
		99DADA892ACC0FE7004467A3 /* Helpers */ = {
			isa = PBXGroup;
			children = (
				99DADA872ACC0FE2004467A3 /* UiColors.swift */,
				99C5FD3A2AD80D7500F33BFC /* Constants.swift */,
				99C5FD242ACFFDF900F33BFC /* Extension.swift */,
			);
			path = Helpers;
			sourceTree = "<group>";
		};
/* End PBXGroup section */

/* Begin PBXNativeTarget section */
		99DADA502ACC0B53004467A3 /* Tracker */ = {
			isa = PBXNativeTarget;
			buildConfigurationList = 99DADA7E2ACC0B54004467A3 /* Build configuration list for PBXNativeTarget "Tracker" */;
			buildPhases = (
				99DADA4D2ACC0B53004467A3 /* Sources */,
				99DADA4E2ACC0B53004467A3 /* Frameworks */,
				99DADA4F2ACC0B53004467A3 /* Resources */,
			);
			buildRules = (
			);
			dependencies = (
			);
			name = Tracker;
			productName = Tracker;
			productReference = 99DADA512ACC0B53004467A3 /* Tracker.app */;
			productType = "com.apple.product-type.application";
		};
		99DADA692ACC0B54004467A3 /* TrackerTests */ = {
			isa = PBXNativeTarget;
			buildConfigurationList = 99DADA812ACC0B54004467A3 /* Build configuration list for PBXNativeTarget "TrackerTests" */;
			buildPhases = (
				99DADA662ACC0B54004467A3 /* Sources */,
				99DADA672ACC0B54004467A3 /* Frameworks */,
				99DADA682ACC0B54004467A3 /* Resources */,
			);
			buildRules = (
			);
			dependencies = (
				99DADA6C2ACC0B54004467A3 /* PBXTargetDependency */,
			);
			name = TrackerTests;
			productName = TrackerTests;
			productReference = 99DADA6A2ACC0B54004467A3 /* TrackerTests.xctest */;
			productType = "com.apple.product-type.bundle.unit-test";
		};
		99DADA732ACC0B54004467A3 /* TrackerUITests */ = {
			isa = PBXNativeTarget;
			buildConfigurationList = 99DADA842ACC0B54004467A3 /* Build configuration list for PBXNativeTarget "TrackerUITests" */;
			buildPhases = (
				99DADA702ACC0B54004467A3 /* Sources */,
				99DADA712ACC0B54004467A3 /* Frameworks */,
				99DADA722ACC0B54004467A3 /* Resources */,
			);
			buildRules = (
			);
			dependencies = (
				99DADA762ACC0B54004467A3 /* PBXTargetDependency */,
			);
			name = TrackerUITests;
			productName = TrackerUITests;
			productReference = 99DADA742ACC0B54004467A3 /* TrackerUITests.xctest */;
			productType = "com.apple.product-type.bundle.ui-testing";
		};
/* End PBXNativeTarget section */

/* Begin PBXProject section */
		99DADA492ACC0B53004467A3 /* Project object */ = {
			isa = PBXProject;
			attributes = {
				BuildIndependentTargetsInParallel = 1;
				LastSwiftUpdateCheck = 1410;
				LastUpgradeCheck = 1410;
				TargetAttributes = {
					99DADA502ACC0B53004467A3 = {
						CreatedOnToolsVersion = 14.1;
					};
					99DADA692ACC0B54004467A3 = {
						CreatedOnToolsVersion = 14.1;
						TestTargetID = 99DADA502ACC0B53004467A3;
					};
					99DADA732ACC0B54004467A3 = {
						CreatedOnToolsVersion = 14.1;
						TestTargetID = 99DADA502ACC0B53004467A3;
					};
				};
			};
			buildConfigurationList = 99DADA4C2ACC0B53004467A3 /* Build configuration list for PBXProject "Tracker" */;
			compatibilityVersion = "Xcode 14.0";
			developmentRegion = en;
			hasScannedForEncodings = 0;
			knownRegions = (
				en,
				Base,
			);
			mainGroup = 99DADA482ACC0B53004467A3;
			productRefGroup = 99DADA522ACC0B53004467A3 /* Products */;
			projectDirPath = "";
			projectRoot = "";
			targets = (
				99DADA502ACC0B53004467A3 /* Tracker */,
				99DADA692ACC0B54004467A3 /* TrackerTests */,
				99DADA732ACC0B54004467A3 /* TrackerUITests */,
			);
		};
/* End PBXProject section */

/* Begin PBXResourcesBuildPhase section */
		99DADA4F2ACC0B53004467A3 /* Resources */ = {
			isa = PBXResourcesBuildPhase;
			buildActionMask = 2147483647;
			files = (
				99DADA642ACC0B54004467A3 /* LaunchScreen.storyboard in Resources */,
				99DADA612ACC0B54004467A3 /* Assets.xcassets in Resources */,
				99DADA5C2ACC0B53004467A3 /* Main.storyboard in Resources */,
			);
			runOnlyForDeploymentPostprocessing = 0;
		};
		99DADA682ACC0B54004467A3 /* Resources */ = {
			isa = PBXResourcesBuildPhase;
			buildActionMask = 2147483647;
			files = (
			);
			runOnlyForDeploymentPostprocessing = 0;
		};
		99DADA722ACC0B54004467A3 /* Resources */ = {
			isa = PBXResourcesBuildPhase;
			buildActionMask = 2147483647;
			files = (
			);
			runOnlyForDeploymentPostprocessing = 0;
		};
/* End PBXResourcesBuildPhase section */

/* Begin PBXSourcesBuildPhase section */
		99DADA4D2ACC0B53004467A3 /* Sources */ = {
			isa = PBXSourcesBuildPhase;
			buildActionMask = 2147483647;
			files = (
				99C5FD322AD7FEA500F33BFC /* TrackersPresenter.swift in Sources */,
				99C5FD162ACEB03300F33BFC /* EventsViewController.swift in Sources */,
				99DADA882ACC0FE2004467A3 /* UiColors.swift in Sources */,
				99DADA5F2ACC0B53004467A3 /* Tracker.xcdatamodeld in Sources */,
				99C5FD292AD009CC00F33BFC /* CustomCollectionCell.swift in Sources */,
				99C5FD402ADF18EA00F33BFC /* TrackerCellModel.swift in Sources */,
				99C5FD392AD7FFFD00F33BFC /* TrackerRecord.swift in Sources */,
				99C5FD112ACC5F5500F33BFC /* CreateViewController.swift in Sources */,
				99C5FD2C2AD2A62200F33BFC /* TrackersCollectionCells.swift in Sources */,
				99C5FD202ACEEC9100F33BFC /* TimetableViewController.swift in Sources */,
				99C5FD252ACFFDF900F33BFC /* Extension.swift in Sources */,
				99C5FD142ACEB00800F33BFC /* HabitsViewController.swift in Sources */,
				99C5FD3B2AD80D7500F33BFC /* Constants.swift in Sources */,
				99C5FD3E2AD8352400F33BFC /* TrackersService.swift in Sources */,
				99C5FD372AD7FFE200F33BFC /* TrackerCategory.swift in Sources */,
				99C5FD432AE1659500F33BFC /* TrackersViewControllerProtocol.swift in Sources */,
				99DADA592ACC0B53004467A3 /* TrackersViewController.swift in Sources */,
				99C5FD0B2ACC27B000F33BFC /* TabBarController.swift in Sources */,
				99C5FD352AD7FFCD00F33BFC /* Tracker.swift in Sources */,
				99C5FD2E2AD55FBB00F33BFC /* test.swift in Sources */,
				99DADA552ACC0B53004467A3 /* AppDelegate.swift in Sources */,
				99DADA572ACC0B53004467A3 /* SceneDelegate.swift in Sources */,
				99C5FD272AD007DE00F33BFC /* EmojiCollectionViewPresenter.swift in Sources */,
				99C5FD0D2ACC282E00F33BFC /* StatisticsViewController.swift in Sources */,
			);
			runOnlyForDeploymentPostprocessing = 0;
		};
		99DADA662ACC0B54004467A3 /* Sources */ = {
			isa = PBXSourcesBuildPhase;
			buildActionMask = 2147483647;
			files = (
				99DADA6F2ACC0B54004467A3 /* TrackerTests.swift in Sources */,
			);
			runOnlyForDeploymentPostprocessing = 0;
		};
		99DADA702ACC0B54004467A3 /* Sources */ = {
			isa = PBXSourcesBuildPhase;
			buildActionMask = 2147483647;
			files = (
				99DADA792ACC0B54004467A3 /* TrackerUITests.swift in Sources */,
				99DADA7B2ACC0B54004467A3 /* TrackerUITestsLaunchTests.swift in Sources */,
			);
			runOnlyForDeploymentPostprocessing = 0;
		};
/* End PBXSourcesBuildPhase section */

/* Begin PBXTargetDependency section */
		99DADA6C2ACC0B54004467A3 /* PBXTargetDependency */ = {
			isa = PBXTargetDependency;
			target = 99DADA502ACC0B53004467A3 /* Tracker */;
			targetProxy = 99DADA6B2ACC0B54004467A3 /* PBXContainerItemProxy */;
		};
		99DADA762ACC0B54004467A3 /* PBXTargetDependency */ = {
			isa = PBXTargetDependency;
			target = 99DADA502ACC0B53004467A3 /* Tracker */;
			targetProxy = 99DADA752ACC0B54004467A3 /* PBXContainerItemProxy */;
		};
/* End PBXTargetDependency section */

/* Begin PBXVariantGroup section */
		99DADA5A2ACC0B53004467A3 /* Main.storyboard */ = {
			isa = PBXVariantGroup;
			children = (
				99DADA5B2ACC0B53004467A3 /* Base */,
			);
			name = Main.storyboard;
			sourceTree = "<group>";
		};
		99DADA622ACC0B54004467A3 /* LaunchScreen.storyboard */ = {
			isa = PBXVariantGroup;
			children = (
				99DADA632ACC0B54004467A3 /* Base */,
			);
			name = LaunchScreen.storyboard;
			sourceTree = "<group>";
		};
/* End PBXVariantGroup section */

/* Begin XCBuildConfiguration section */
		99DADA7C2ACC0B54004467A3 /* Debug */ = {
			isa = XCBuildConfiguration;
			buildSettings = {
				ALWAYS_SEARCH_USER_PATHS = NO;
				CLANG_ANALYZER_NONNULL = YES;
				CLANG_ANALYZER_NUMBER_OBJECT_CONVERSION = YES_AGGRESSIVE;
				CLANG_CXX_LANGUAGE_STANDARD = "gnu++20";
				CLANG_ENABLE_MODULES = YES;
				CLANG_ENABLE_OBJC_ARC = YES;
				CLANG_ENABLE_OBJC_WEAK = YES;
				CLANG_WARN_BLOCK_CAPTURE_AUTORELEASING = YES;
				CLANG_WARN_BOOL_CONVERSION = YES;
				CLANG_WARN_COMMA = YES;
				CLANG_WARN_CONSTANT_CONVERSION = YES;
				CLANG_WARN_DEPRECATED_OBJC_IMPLEMENTATIONS = YES;
				CLANG_WARN_DIRECT_OBJC_ISA_USAGE = YES_ERROR;
				CLANG_WARN_DOCUMENTATION_COMMENTS = YES;
				CLANG_WARN_EMPTY_BODY = YES;
				CLANG_WARN_ENUM_CONVERSION = YES;
				CLANG_WARN_INFINITE_RECURSION = YES;
				CLANG_WARN_INT_CONVERSION = YES;
				CLANG_WARN_NON_LITERAL_NULL_CONVERSION = YES;
				CLANG_WARN_OBJC_IMPLICIT_RETAIN_SELF = YES;
				CLANG_WARN_OBJC_LITERAL_CONVERSION = YES;
				CLANG_WARN_OBJC_ROOT_CLASS = YES_ERROR;
				CLANG_WARN_QUOTED_INCLUDE_IN_FRAMEWORK_HEADER = YES;
				CLANG_WARN_RANGE_LOOP_ANALYSIS = YES;
				CLANG_WARN_STRICT_PROTOTYPES = YES;
				CLANG_WARN_SUSPICIOUS_MOVE = YES;
				CLANG_WARN_UNGUARDED_AVAILABILITY = YES_AGGRESSIVE;
				CLANG_WARN_UNREACHABLE_CODE = YES;
				CLANG_WARN__DUPLICATE_METHOD_MATCH = YES;
				COPY_PHASE_STRIP = NO;
				DEBUG_INFORMATION_FORMAT = dwarf;
				ENABLE_STRICT_OBJC_MSGSEND = YES;
				ENABLE_TESTABILITY = YES;
				GCC_C_LANGUAGE_STANDARD = gnu11;
				GCC_DYNAMIC_NO_PIC = NO;
				GCC_NO_COMMON_BLOCKS = YES;
				GCC_OPTIMIZATION_LEVEL = 0;
				GCC_PREPROCESSOR_DEFINITIONS = (
					"DEBUG=1",
					"$(inherited)",
				);
				GCC_WARN_64_TO_32_BIT_CONVERSION = YES;
				GCC_WARN_ABOUT_RETURN_TYPE = YES_ERROR;
				GCC_WARN_UNDECLARED_SELECTOR = YES;
				GCC_WARN_UNINITIALIZED_AUTOS = YES_AGGRESSIVE;
				GCC_WARN_UNUSED_FUNCTION = YES;
				GCC_WARN_UNUSED_VARIABLE = YES;
				IPHONEOS_DEPLOYMENT_TARGET = 16.1;
				MTL_ENABLE_DEBUG_INFO = INCLUDE_SOURCE;
				MTL_FAST_MATH = YES;
				ONLY_ACTIVE_ARCH = YES;
				SDKROOT = iphoneos;
				SWIFT_ACTIVE_COMPILATION_CONDITIONS = DEBUG;
				SWIFT_OPTIMIZATION_LEVEL = "-Onone";
			};
			name = Debug;
		};
		99DADA7D2ACC0B54004467A3 /* Release */ = {
			isa = XCBuildConfiguration;
			buildSettings = {
				ALWAYS_SEARCH_USER_PATHS = NO;
				CLANG_ANALYZER_NONNULL = YES;
				CLANG_ANALYZER_NUMBER_OBJECT_CONVERSION = YES_AGGRESSIVE;
				CLANG_CXX_LANGUAGE_STANDARD = "gnu++20";
				CLANG_ENABLE_MODULES = YES;
				CLANG_ENABLE_OBJC_ARC = YES;
				CLANG_ENABLE_OBJC_WEAK = YES;
				CLANG_WARN_BLOCK_CAPTURE_AUTORELEASING = YES;
				CLANG_WARN_BOOL_CONVERSION = YES;
				CLANG_WARN_COMMA = YES;
				CLANG_WARN_CONSTANT_CONVERSION = YES;
				CLANG_WARN_DEPRECATED_OBJC_IMPLEMENTATIONS = YES;
				CLANG_WARN_DIRECT_OBJC_ISA_USAGE = YES_ERROR;
				CLANG_WARN_DOCUMENTATION_COMMENTS = YES;
				CLANG_WARN_EMPTY_BODY = YES;
				CLANG_WARN_ENUM_CONVERSION = YES;
				CLANG_WARN_INFINITE_RECURSION = YES;
				CLANG_WARN_INT_CONVERSION = YES;
				CLANG_WARN_NON_LITERAL_NULL_CONVERSION = YES;
				CLANG_WARN_OBJC_IMPLICIT_RETAIN_SELF = YES;
				CLANG_WARN_OBJC_LITERAL_CONVERSION = YES;
				CLANG_WARN_OBJC_ROOT_CLASS = YES_ERROR;
				CLANG_WARN_QUOTED_INCLUDE_IN_FRAMEWORK_HEADER = YES;
				CLANG_WARN_RANGE_LOOP_ANALYSIS = YES;
				CLANG_WARN_STRICT_PROTOTYPES = YES;
				CLANG_WARN_SUSPICIOUS_MOVE = YES;
				CLANG_WARN_UNGUARDED_AVAILABILITY = YES_AGGRESSIVE;
				CLANG_WARN_UNREACHABLE_CODE = YES;
				CLANG_WARN__DUPLICATE_METHOD_MATCH = YES;
				COPY_PHASE_STRIP = NO;
				DEBUG_INFORMATION_FORMAT = "dwarf-with-dsym";
				ENABLE_NS_ASSERTIONS = NO;
				ENABLE_STRICT_OBJC_MSGSEND = YES;
				GCC_C_LANGUAGE_STANDARD = gnu11;
				GCC_NO_COMMON_BLOCKS = YES;
				GCC_WARN_64_TO_32_BIT_CONVERSION = YES;
				GCC_WARN_ABOUT_RETURN_TYPE = YES_ERROR;
				GCC_WARN_UNDECLARED_SELECTOR = YES;
				GCC_WARN_UNINITIALIZED_AUTOS = YES_AGGRESSIVE;
				GCC_WARN_UNUSED_FUNCTION = YES;
				GCC_WARN_UNUSED_VARIABLE = YES;
				IPHONEOS_DEPLOYMENT_TARGET = 16.1;
				MTL_ENABLE_DEBUG_INFO = NO;
				MTL_FAST_MATH = YES;
				SDKROOT = iphoneos;
				SWIFT_COMPILATION_MODE = wholemodule;
				SWIFT_OPTIMIZATION_LEVEL = "-O";
				VALIDATE_PRODUCT = YES;
			};
			name = Release;
		};
		99DADA7F2ACC0B54004467A3 /* Debug */ = {
			isa = XCBuildConfiguration;
			buildSettings = {
				ASSETCATALOG_COMPILER_APPICON_NAME = AppIcon;
				ASSETCATALOG_COMPILER_GLOBAL_ACCENT_COLOR_NAME = AccentColor;
				CODE_SIGN_STYLE = Automatic;
				CURRENT_PROJECT_VERSION = 1;
				DEVELOPMENT_TEAM = PBPYBYWZ7H;
				GENERATE_INFOPLIST_FILE = YES;
				INFOPLIST_FILE = Tracker/Info.plist;
				INFOPLIST_KEY_UIApplicationSupportsIndirectInputEvents = YES;
				INFOPLIST_KEY_UILaunchStoryboardName = LaunchScreen;
				INFOPLIST_KEY_UIMainStoryboardFile = Main;
				INFOPLIST_KEY_UISupportedInterfaceOrientations = UIInterfaceOrientationPortrait;
				INFOPLIST_KEY_UISupportedInterfaceOrientations_iPad = "UIInterfaceOrientationLandscapeLeft UIInterfaceOrientationLandscapeRight UIInterfaceOrientationPortrait UIInterfaceOrientationPortraitUpsideDown";
				IPHONEOS_DEPLOYMENT_TARGET = 13.4;
				LD_RUNPATH_SEARCH_PATHS = (
					"$(inherited)",
					"@executable_path/Frameworks",
				);
				MARKETING_VERSION = 1.0;
				PRODUCT_BUNDLE_IDENTIFIER = com.NikolayDolnik.Tracker;
				PRODUCT_NAME = "$(TARGET_NAME)";
				SUPPORTED_PLATFORMS = "iphoneos iphonesimulator";
				SUPPORTS_MACCATALYST = NO;
				SUPPORTS_MAC_DESIGNED_FOR_IPHONE_IPAD = YES;
				SWIFT_EMIT_LOC_STRINGS = YES;
				SWIFT_VERSION = 5.0;
				TARGETED_DEVICE_FAMILY = 1;
			};
			name = Debug;
		};
		99DADA802ACC0B54004467A3 /* Release */ = {
			isa = XCBuildConfiguration;
			buildSettings = {
				ASSETCATALOG_COMPILER_APPICON_NAME = AppIcon;
				ASSETCATALOG_COMPILER_GLOBAL_ACCENT_COLOR_NAME = AccentColor;
				CODE_SIGN_STYLE = Automatic;
				CURRENT_PROJECT_VERSION = 1;
				DEVELOPMENT_TEAM = PBPYBYWZ7H;
				GENERATE_INFOPLIST_FILE = YES;
				INFOPLIST_FILE = Tracker/Info.plist;
				INFOPLIST_KEY_UIApplicationSupportsIndirectInputEvents = YES;
				INFOPLIST_KEY_UILaunchStoryboardName = LaunchScreen;
				INFOPLIST_KEY_UIMainStoryboardFile = Main;
				INFOPLIST_KEY_UISupportedInterfaceOrientations = UIInterfaceOrientationPortrait;
				INFOPLIST_KEY_UISupportedInterfaceOrientations_iPad = "UIInterfaceOrientationLandscapeLeft UIInterfaceOrientationLandscapeRight UIInterfaceOrientationPortrait UIInterfaceOrientationPortraitUpsideDown";
				IPHONEOS_DEPLOYMENT_TARGET = 13.4;
				LD_RUNPATH_SEARCH_PATHS = (
					"$(inherited)",
					"@executable_path/Frameworks",
				);
				MARKETING_VERSION = 1.0;
				PRODUCT_BUNDLE_IDENTIFIER = com.NikolayDolnik.Tracker;
				PRODUCT_NAME = "$(TARGET_NAME)";
				SUPPORTED_PLATFORMS = "iphoneos iphonesimulator";
				SUPPORTS_MACCATALYST = NO;
				SUPPORTS_MAC_DESIGNED_FOR_IPHONE_IPAD = YES;
				SWIFT_EMIT_LOC_STRINGS = YES;
				SWIFT_VERSION = 5.0;
				TARGETED_DEVICE_FAMILY = 1;
			};
			name = Release;
		};
		99DADA822ACC0B54004467A3 /* Debug */ = {
			isa = XCBuildConfiguration;
			buildSettings = {
				ALWAYS_EMBED_SWIFT_STANDARD_LIBRARIES = YES;
				BUNDLE_LOADER = "$(TEST_HOST)";
				CODE_SIGN_STYLE = Automatic;
				CURRENT_PROJECT_VERSION = 1;
				DEVELOPMENT_TEAM = PBPYBYWZ7H;
				GENERATE_INFOPLIST_FILE = YES;
				IPHONEOS_DEPLOYMENT_TARGET = 16.1;
				MARKETING_VERSION = 1.0;
				PRODUCT_BUNDLE_IDENTIFIER = com.NikolayDolnik.TrackerTests;
				PRODUCT_NAME = "$(TARGET_NAME)";
				SWIFT_EMIT_LOC_STRINGS = NO;
				SWIFT_VERSION = 5.0;
				TARGETED_DEVICE_FAMILY = "1,2";
				TEST_HOST = "$(BUILT_PRODUCTS_DIR)/Tracker.app/$(BUNDLE_EXECUTABLE_FOLDER_PATH)/Tracker";
			};
			name = Debug;
		};
		99DADA832ACC0B54004467A3 /* Release */ = {
			isa = XCBuildConfiguration;
			buildSettings = {
				ALWAYS_EMBED_SWIFT_STANDARD_LIBRARIES = YES;
				BUNDLE_LOADER = "$(TEST_HOST)";
				CODE_SIGN_STYLE = Automatic;
				CURRENT_PROJECT_VERSION = 1;
				DEVELOPMENT_TEAM = PBPYBYWZ7H;
				GENERATE_INFOPLIST_FILE = YES;
				IPHONEOS_DEPLOYMENT_TARGET = 16.1;
				MARKETING_VERSION = 1.0;
				PRODUCT_BUNDLE_IDENTIFIER = com.NikolayDolnik.TrackerTests;
				PRODUCT_NAME = "$(TARGET_NAME)";
				SWIFT_EMIT_LOC_STRINGS = NO;
				SWIFT_VERSION = 5.0;
				TARGETED_DEVICE_FAMILY = "1,2";
				TEST_HOST = "$(BUILT_PRODUCTS_DIR)/Tracker.app/$(BUNDLE_EXECUTABLE_FOLDER_PATH)/Tracker";
			};
			name = Release;
		};
		99DADA852ACC0B54004467A3 /* Debug */ = {
			isa = XCBuildConfiguration;
			buildSettings = {
				ALWAYS_EMBED_SWIFT_STANDARD_LIBRARIES = YES;
				CODE_SIGN_STYLE = Automatic;
				CURRENT_PROJECT_VERSION = 1;
				DEVELOPMENT_TEAM = PBPYBYWZ7H;
				GENERATE_INFOPLIST_FILE = YES;
				MARKETING_VERSION = 1.0;
				PRODUCT_BUNDLE_IDENTIFIER = com.NikolayDolnik.TrackerUITests;
				PRODUCT_NAME = "$(TARGET_NAME)";
				SWIFT_EMIT_LOC_STRINGS = NO;
				SWIFT_VERSION = 5.0;
				TARGETED_DEVICE_FAMILY = "1,2";
				TEST_TARGET_NAME = Tracker;
			};
			name = Debug;
		};
		99DADA862ACC0B54004467A3 /* Release */ = {
			isa = XCBuildConfiguration;
			buildSettings = {
				ALWAYS_EMBED_SWIFT_STANDARD_LIBRARIES = YES;
				CODE_SIGN_STYLE = Automatic;
				CURRENT_PROJECT_VERSION = 1;
				DEVELOPMENT_TEAM = PBPYBYWZ7H;
				GENERATE_INFOPLIST_FILE = YES;
				MARKETING_VERSION = 1.0;
				PRODUCT_BUNDLE_IDENTIFIER = com.NikolayDolnik.TrackerUITests;
				PRODUCT_NAME = "$(TARGET_NAME)";
				SWIFT_EMIT_LOC_STRINGS = NO;
				SWIFT_VERSION = 5.0;
				TARGETED_DEVICE_FAMILY = "1,2";
				TEST_TARGET_NAME = Tracker;
			};
			name = Release;
		};
/* End XCBuildConfiguration section */

/* Begin XCConfigurationList section */
		99DADA4C2ACC0B53004467A3 /* Build configuration list for PBXProject "Tracker" */ = {
			isa = XCConfigurationList;
			buildConfigurations = (
				99DADA7C2ACC0B54004467A3 /* Debug */,
				99DADA7D2ACC0B54004467A3 /* Release */,
			);
			defaultConfigurationIsVisible = 0;
			defaultConfigurationName = Release;
		};
		99DADA7E2ACC0B54004467A3 /* Build configuration list for PBXNativeTarget "Tracker" */ = {
			isa = XCConfigurationList;
			buildConfigurations = (
				99DADA7F2ACC0B54004467A3 /* Debug */,
				99DADA802ACC0B54004467A3 /* Release */,
			);
			defaultConfigurationIsVisible = 0;
			defaultConfigurationName = Release;
		};
		99DADA812ACC0B54004467A3 /* Build configuration list for PBXNativeTarget "TrackerTests" */ = {
			isa = XCConfigurationList;
			buildConfigurations = (
				99DADA822ACC0B54004467A3 /* Debug */,
				99DADA832ACC0B54004467A3 /* Release */,
			);
			defaultConfigurationIsVisible = 0;
			defaultConfigurationName = Release;
		};
		99DADA842ACC0B54004467A3 /* Build configuration list for PBXNativeTarget "TrackerUITests" */ = {
			isa = XCConfigurationList;
			buildConfigurations = (
				99DADA852ACC0B54004467A3 /* Debug */,
				99DADA862ACC0B54004467A3 /* Release */,
			);
			defaultConfigurationIsVisible = 0;
			defaultConfigurationName = Release;
		};
/* End XCConfigurationList section */

/* Begin XCVersionGroup section */
		99DADA5D2ACC0B53004467A3 /* Tracker.xcdatamodeld */ = {
			isa = XCVersionGroup;
			children = (
				99DADA5E2ACC0B53004467A3 /* Tracker.xcdatamodel */,
			);
			currentVersion = 99DADA5E2ACC0B53004467A3 /* Tracker.xcdatamodel */;
			path = Tracker.xcdatamodeld;
			sourceTree = "<group>";
			versionGroupType = wrapper.xcdatamodel;
		};
/* End XCVersionGroup section */
	};
	rootObject = 99DADA492ACC0B53004467A3 /* Project object */;
}
